{
  "name": "miniprogram",
  "version": "1.0.0",
  "lockfileVersion": 1,
  "requires": true,
  "dependencies": {
    "tdesign-miniprogram": {
      "version": "0.7.3",
      "resolved": "https://registry.npmmirror.com/tdesign-miniprogram/-/tdesign-miniprogram-0.7.3.tgz",
      "integrity": "sha512-fykK/Y444XBYeNOQh3kwDqLKJH/TBe+StFAHu1fR6SbjQNO9i5JdfYqaqAFm6fiOCvH7yNQL8Vfk6ZxBg/jpmw==",
      "requires": {
        "dayjs": "^1.10.7"
      }
    }
  }
}
